// !$*UTF8*$!
{
	archiveVersion = 1;
	classes = {
	};
	objectVersion = 48;
	objects = {

/* Begin PBXBuildFile section */
		18A04F5B20692EA20094BCA6 /* AppDelegate.m in Sources */ = {isa = PBXBuildFile; fileRef = 18A04F5A20692EA20094BCA6 /* AppDelegate.m */; };
		18A04F5E20692EA20094BCA6 /* ViewController.m in Sources */ = {isa = PBXBuildFile; fileRef = 18A04F5D20692EA20094BCA6 /* ViewController.m */; };
		18A04F6120692EA20094BCA6 /* Main.storyboard in Resources */ = {isa = PBXBuildFile; fileRef = 18A04F5F20692EA20094BCA6 /* Main.storyboard */; };
		18A04F6420692EA20094BCA6 /* PTest.xcdatamodeld in Sources */ = {isa = PBXBuildFile; fileRef = 18A04F6220692EA20094BCA6 /* PTest.xcdatamodeld */; };
		18A04F6620692EA20094BCA6 /* Assets.xcassets in Resources */ = {isa = PBXBuildFile; fileRef = 18A04F6520692EA20094BCA6 /* Assets.xcassets */; };
		18A04F6920692EA20094BCA6 /* LaunchScreen.storyboard in Resources */ = {isa = PBXBuildFile; fileRef = 18A04F6720692EA20094BCA6 /* LaunchScreen.storyboard */; };
		18A04F6C20692EA20094BCA6 /* main.m in Sources */ = {isa = PBXBuildFile; fileRef = 18A04F6B20692EA20094BCA6 /* main.m */; };
		18A04F7620692EA20094BCA6 /* PTestTests.m in Sources */ = {isa = PBXBuildFile; fileRef = 18A04F7520692EA20094BCA6 /* PTestTests.m */; };
		18A04F8120692EA20094BCA6 /* PTestUITests.m in Sources */ = {isa = PBXBuildFile; fileRef = 18A04F8020692EA20094BCA6 /* PTestUITests.m */; };
/* End PBXBuildFile section */

/* Begin PBXContainerItemProxy section */
		18A04F7220692EA20094BCA6 /* PBXContainerItemProxy */ = {
			isa = PBXContainerItemProxy;
			containerPortal = 18A04F4E20692EA20094BCA6 /* Project object */;
			proxyType = 1;
			remoteGlobalIDString = 18A04F5520692EA20094BCA6;
			remoteInfo = PTest;
		};
		18A04F7D20692EA20094BCA6 /* PBXContainerItemProxy */ = {
			isa = PBXContainerItemProxy;
			containerPortal = 18A04F4E20692EA20094BCA6 /* Project object */;
			proxyType = 1;
			remoteGlobalIDString = 18A04F5520692EA20094BCA6;
			remoteInfo = PTest;
		};
/* End PBXContainerItemProxy section */

/* Begin PBXFileReference section */
		18A04F5620692EA20094BCA6 /* PTest.app */ = {isa = PBXFileReference; explicitFileType = wrapper.application; includeInIndex = 0; path = PTest.app; sourceTree = BUILT_PRODUCTS_DIR; };
		18A04F5920692EA20094BCA6 /* AppDelegate.h */ = {isa = PBXFileReference; lastKnownFileType = sourcecode.c.h; path = AppDelegate.h; sourceTree = "<group>"; };
		18A04F5A20692EA20094BCA6 /* AppDelegate.m */ = {isa = PBXFileReference; lastKnownFileType = sourcecode.c.objc; path = AppDelegate.m; sourceTree = "<group>"; };
		18A04F5C20692EA20094BCA6 /* ViewController.h */ = {isa = PBXFileReference; lastKnownFileType = sourcecode.c.h; path = ViewController.h; sourceTree = "<group>"; };
		18A04F5D20692EA20094BCA6 /* ViewController.m */ = {isa = PBXFileReference; lastKnownFileType = sourcecode.c.objc; path = ViewController.m; sourceTree = "<group>"; };
		18A04F6020692EA20094BCA6 /* Base */ = {isa = PBXFileReference; lastKnownFileType = file.storyboard; name = Base; path = Base.lproj/Main.storyboard; sourceTree = "<group>"; };
		18A04F6320692EA20094BCA6 /* PTest.xcdatamodel */ = {isa = PBXFileReference; lastKnownFileType = wrapper.xcdatamodel; path = PTest.xcdatamodel; sourceTree = "<group>"; };
		18A04F6520692EA20094BCA6 /* Assets.xcassets */ = {isa = PBXFileReference; lastKnownFileType = folder.assetcatalog; path = Assets.xcassets; sourceTree = "<group>"; };
		18A04F6820692EA20094BCA6 /* Base */ = {isa = PBXFileReference; lastKnownFileType = file.storyboard; name = Base; path = Base.lproj/LaunchScreen.storyboard; sourceTree = "<group>"; };
		18A04F6A20692EA20094BCA6 /* Info.plist */ = {isa = PBXFileReference; lastKnownFileType = text.plist.xml; path = Info.plist; sourceTree = "<group>"; };
		18A04F6B20692EA20094BCA6 /* main.m */ = {isa = PBXFileReference; lastKnownFileType = sourcecode.c.objc; path = main.m; sourceTree = "<group>"; };
		18A04F7120692EA20094BCA6 /* PTestTests.xctest */ = {isa = PBXFileReference; explicitFileType = wrapper.cfbundle; includeInIndex = 0; path = PTestTests.xctest; sourceTree = BUILT_PRODUCTS_DIR; };
		18A04F7520692EA20094BCA6 /* PTestTests.m */ = {isa = PBXFileReference; lastKnownFileType = sourcecode.c.objc; path = PTestTests.m; sourceTree = "<group>"; };
		18A04F7720692EA20094BCA6 /* Info.plist */ = {isa = PBXFileReference; lastKnownFileType = text.plist.xml; path = Info.plist; sourceTree = "<group>"; };
		18A04F7C20692EA20094BCA6 /* PTestUITests.xctest */ = {isa = PBXFileReference; explicitFileType = wrapper.cfbundle; includeInIndex = 0; path = PTestUITests.xctest; sourceTree = BUILT_PRODUCTS_DIR; };
		18A04F8020692EA20094BCA6 /* PTestUITests.m */ = {isa = PBXFileReference; lastKnownFileType = sourcecode.c.objc; path = PTestUITests.m; sourceTree = "<group>"; };
		18A04F8220692EA20094BCA6 /* Info.plist */ = {isa = PBXFileReference; lastKnownFileType = text.plist.xml; path = Info.plist; sourceTree = "<group>"; };
/* End PBXFileReference section */

/* Begin PBXFrameworksBuildPhase section */
		18A04F5320692EA20094BCA6 /* Frameworks */ = {
			isa = PBXFrameworksBuildPhase;
			buildActionMask = 2147483647;
			files = (
			);
			runOnlyForDeploymentPostprocessing = 0;
		};
		18A04F6E20692EA20094BCA6 /* Frameworks */ = {
			isa = PBXFrameworksBuildPhase;
			buildActionMask = 2147483647;
			files = (
			);
			runOnlyForDeploymentPostprocessing = 0;
		};
		18A04F7920692EA20094BCA6 /* Frameworks */ = {
			isa = PBXFrameworksBuildPhase;
			buildActionMask = 2147483647;
			files = (
			);
			runOnlyForDeploymentPostprocessing = 0;
		};
/* End PBXFrameworksBuildPhase section */

/* Begin PBXGroup section */
		18A04F4D20692EA20094BCA6 = {
			isa = PBXGroup;
			children = (
				18A04F5820692EA20094BCA6 /* PTest */,
				18A04F7420692EA20094BCA6 /* PTestTests */,
				18A04F7F20692EA20094BCA6 /* PTestUITests */,
				18A04F5720692EA20094BCA6 /* Products */,
			);
			sourceTree = "<group>";
		};
		18A04F5720692EA20094BCA6 /* Products */ = {
			isa = PBXGroup;
			children = (
				18A04F5620692EA20094BCA6 /* PTest.app */,
				18A04F7120692EA20094BCA6 /* PTestTests.xctest */,
				18A04F7C20692EA20094BCA6 /* PTestUITests.xctest */,
			);
			name = Products;
			sourceTree = "<group>";
		};
		18A04F5820692EA20094BCA6 /* PTest */ = {
			isa = PBXGroup;
			children = (
				18A04F5920692EA20094BCA6 /* AppDelegate.h */,
				18A04F5A20692EA20094BCA6 /* AppDelegate.m */,
				18A04F5C20692EA20094BCA6 /* ViewController.h */,
				18A04F5D20692EA20094BCA6 /* ViewController.m */,
				18A04F5F20692EA20094BCA6 /* Main.storyboard */,
				18A04F6520692EA20094BCA6 /* Assets.xcassets */,
				18A04F6720692EA20094BCA6 /* LaunchScreen.storyboard */,
				18A04F6A20692EA20094BCA6 /* Info.plist */,
				18A04F6B20692EA20094BCA6 /* main.m */,
				18A04F6220692EA20094BCA6 /* PTest.xcdatamodeld */,
			);
			path = PTest;
			sourceTree = "<group>";
		};
		18A04F7420692EA20094BCA6 /* PTestTests */ = {
			isa = PBXGroup;
			children = (
				18A04F7520692EA20094BCA6 /* PTestTests.m */,
				18A04F7720692EA20094BCA6 /* Info.plist */,
			);
			path = PTestTests;
			sourceTree = "<group>";
		};
		18A04F7F20692EA20094BCA6 /* PTestUITests */ = {
			isa = PBXGroup;
			children = (
				18A04F8020692EA20094BCA6 /* PTestUITests.m */,
				18A04F8220692EA20094BCA6 /* Info.plist */,
			);
			path = PTestUITests;
			sourceTree = "<group>";
		};
/* End PBXGroup section */

/* Begin PBXNativeTarget section */
		18A04F5520692EA20094BCA6 /* PTest */ = {
			isa = PBXNativeTarget;
			buildConfigurationList = 18A04F8520692EA20094BCA6 /* Build configuration list for PBXNativeTarget "PTest" */;
			buildPhases = (
				18A04F5220692EA20094BCA6 /* Sources */,
				18A04F5320692EA20094BCA6 /* Frameworks */,
				18A04F5420692EA20094BCA6 /* Resources */,
			);
			buildRules = (
			);
			dependencies = (
			);
			name = PTest;
			productName = PTest;
			productReference = 18A04F5620692EA20094BCA6 /* PTest.app */;
			productType = "com.apple.product-type.application";
		};
		18A04F7020692EA20094BCA6 /* PTestTests */ = {
			isa = PBXNativeTarget;
			buildConfigurationList = 18A04F8820692EA20094BCA6 /* Build configuration list for PBXNativeTarget "PTestTests" */;
			buildPhases = (
				18A04F6D20692EA20094BCA6 /* Sources */,
				18A04F6E20692EA20094BCA6 /* Frameworks */,
				18A04F6F20692EA20094BCA6 /* Resources */,
			);
			buildRules = (
			);
			dependencies = (
				18A04F7320692EA20094BCA6 /* PBXTargetDependency */,
			);
			name = PTestTests;
			productName = PTestTests;
			productReference = 18A04F7120692EA20094BCA6 /* PTestTests.xctest */;
			productType = "com.apple.product-type.bundle.unit-test";
		};
		18A04F7B20692EA20094BCA6 /* PTestUITests */ = {
			isa = PBXNativeTarget;
			buildConfigurationList = 18A04F8B20692EA20094BCA6 /* Build configuration list for PBXNativeTarget "PTestUITests" */;
			buildPhases = (
				18A04F7820692EA20094BCA6 /* Sources */,
				18A04F7920692EA20094BCA6 /* Frameworks */,
				18A04F7A20692EA20094BCA6 /* Resources */,
			);
			buildRules = (
			);
			dependencies = (
				18A04F7E20692EA20094BCA6 /* PBXTargetDependency */,
			);
			name = PTestUITests;
			productName = PTestUITests;
			productReference = 18A04F7C20692EA20094BCA6 /* PTestUITests.xctest */;
			productType = "com.apple.product-type.bundle.ui-testing";
		};
/* End PBXNativeTarget section */

/* Begin PBXProject section */
		18A04F4E20692EA20094BCA6 /* Project object */ = {
			isa = PBXProject;
			attributes = {
				LastUpgradeCheck = 0920;
				ORGANIZATIONNAME = houhaitao;
				TargetAttributes = {
					18A04F5520692EA20094BCA6 = {
						CreatedOnToolsVersion = 9.2;
						ProvisioningStyle = Automatic;
					};
					18A04F7020692EA20094BCA6 = {
						CreatedOnToolsVersion = 9.2;
						ProvisioningStyle = Automatic;
						TestTargetID = 18A04F5520692EA20094BCA6;
					};
					18A04F7B20692EA20094BCA6 = {
						CreatedOnToolsVersion = 9.2;
						ProvisioningStyle = Automatic;
						TestTargetID = 18A04F5520692EA20094BCA6;
					};
				};
			};
			buildConfigurationList = 18A04F5120692EA20094BCA6 /* Build configuration list for PBXProject "PTest" */;
			compatibilityVersion = "Xcode 8.0";
			developmentRegion = en;
			hasScannedForEncodings = 0;
			knownRegions = (
				en,
				Base,
			);
			mainGroup = 18A04F4D20692EA20094BCA6;
			productRefGroup = 18A04F5720692EA20094BCA6 /* Products */;
			projectDirPath = "";
			projectRoot = "";
			targets = (
				18A04F5520692EA20094BCA6 /* PTest */,
				18A04F7020692EA20094BCA6 /* PTestTests */,
				18A04F7B20692EA20094BCA6 /* PTestUITests */,
			);
		};
/* End PBXProject section */

/* Begin PBXResourcesBuildPhase section */
		18A04F5420692EA20094BCA6 /* Resources */ = {
			isa = PBXResourcesBuildPhase;
			buildActionMask = 2147483647;
			files = (
				18A04F6920692EA20094BCA6 /* LaunchScreen.storyboard in Resources */,
				18A04F6620692EA20094BCA6 /* Assets.xcassets in Resources */,
				18A04F6120692EA20094BCA6 /* Main.storyboard in Resources */,
			);
			runOnlyForDeploymentPostprocessing = 0;
		};
		18A04F6F20692EA20094BCA6 /* Resources */ = {
			isa = PBXResourcesBuildPhase;
			buildActionMask = 2147483647;
			files = (
			);
			runOnlyForDeploymentPostprocessing = 0;
		};
		18A04F7A20692EA20094BCA6 /* Resources */ = {
			isa = PBXResourcesBuildPhase;
			buildActionMask = 2147483647;
			files = (
			);
			runOnlyForDeploymentPostprocessing = 0;
		};
/* End PBXResourcesBuildPhase section */

/* Begin PBXSourcesBuildPhase section */
		18A04F5220692EA20094BCA6 /* Sources */ = {
			isa = PBXSourcesBuildPhase;
			buildActionMask = 2147483647;
			files = (
				18A04F6420692EA20094BCA6 /* PTest.xcdatamodeld in Sources */,
				18A04F5E20692EA20094BCA6 /* ViewController.m in Sources */,
				18A04F6C20692EA20094BCA6 /* main.m in Sources */,
				18A04F5B20692EA20094BCA6 /* AppDelegate.m in Sources */,
			);
			runOnlyForDeploymentPostprocessing = 0;
		};
		18A04F6D20692EA20094BCA6 /* Sources */ = {
			isa = PBXSourcesBuildPhase;
			buildActionMask = 2147483647;
			files = (
				18A04F7620692EA20094BCA6 /* PTestTests.m in Sources */,
			);
			runOnlyForDeploymentPostprocessing = 0;
		};
		18A04F7820692EA20094BCA6 /* Sources */ = {
			isa = PBXSourcesBuildPhase;
			buildActionMask = 2147483647;
			files = (
				18A04F8120692EA20094BCA6 /* PTestUITests.m in Sources */,
			);
			runOnlyForDeploymentPostprocessing = 0;
		};
/* End PBXSourcesBuildPhase section */

/* Begin PBXTargetDependency section */
		18A04F7320692EA20094BCA6 /* PBXTargetDependency */ = {
			isa = PBXTargetDependency;
			target = 18A04F5520692EA20094BCA6 /* PTest */;
			targetProxy = 18A04F7220692EA20094BCA6 /* PBXContainerItemProxy */;
		};
		18A04F7E20692EA20094BCA6 /* PBXTargetDependency */ = {
			isa = PBXTargetDependency;
			target = 18A04F5520692EA20094BCA6 /* PTest */;
			targetProxy = 18A04F7D20692EA20094BCA6 /* PBXContainerItemProxy */;
		};
/* End PBXTargetDependency section */

/* Begin PBXVariantGroup section */
		18A04F5F20692EA20094BCA6 /* Main.storyboard */ = {
			isa = PBXVariantGroup;
			children = (
				18A04F6020692EA20094BCA6 /* Base */,
			);
			name = Main.storyboard;
			sourceTree = "<group>";
		};
		18A04F6720692EA20094BCA6 /* LaunchScreen.storyboard */ = {
			isa = PBXVariantGroup;
			children = (
				18A04F6820692EA20094BCA6 /* Base */,
			);
			name = LaunchScreen.storyboard;
			sourceTree = "<group>";
		};
/* End PBXVariantGroup section */

/* Begin XCBuildConfiguration section */
		18A04F8320692EA20094BCA6 /* Debug */ = {
			isa = XCBuildConfiguration;
			buildSettings = {
				ALWAYS_SEARCH_USER_PATHS = NO;
				CLANG_ANALYZER_NONNULL = YES;
				CLANG_ANALYZER_NUMBER_OBJECT_CONVERSION = YES_AGGRESSIVE;
				CLANG_CXX_LANGUAGE_STANDARD = "gnu++14";
				CLANG_CXX_LIBRARY = "libc++";
				CLANG_ENABLE_MODULES = YES;
				CLANG_ENABLE_OBJC_ARC = YES;
				CLANG_WARN_BLOCK_CAPTURE_AUTORELEASING = YES;
				CLANG_WARN_BOOL_CONVERSION = YES;
				CLANG_WARN_COMMA = YES;
				CLANG_WARN_CONSTANT_CONVERSION = YES;
				CLANG_WARN_DIRECT_OBJC_ISA_USAGE = YES_ERROR;
				CLANG_WARN_DOCUMENTATION_COMMENTS = YES;
				CLANG_WARN_EMPTY_BODY = YES;
				CLANG_WARN_ENUM_CONVERSION = YES;
				CLANG_WARN_INFINITE_RECURSION = YES;
				CLANG_WARN_INT_CONVERSION = YES;
				CLANG_WARN_NON_LITERAL_NULL_CONVERSION = YES;
				CLANG_WARN_OBJC_LITERAL_CONVERSION = YES;
				CLANG_WARN_OBJC_ROOT_CLASS = YES_ERROR;
				CLANG_WARN_RANGE_LOOP_ANALYSIS = YES;
				CLANG_WARN_STRICT_PROTOTYPES = YES;
				CLANG_WARN_SUSPICIOUS_MOVE = YES;
				CLANG_WARN_UNGUARDED_AVAILABILITY = YES_AGGRESSIVE;
				CLANG_WARN_UNREACHABLE_CODE = YES;
				CLANG_WARN__DUPLICATE_METHOD_MATCH = YES;
				CODE_SIGN_IDENTITY = "iPhone Developer";
				COPY_PHASE_STRIP = NO;
				DEBUG_INFORMATION_FORMAT = dwarf;
				ENABLE_STRICT_OBJC_MSGSEND = YES;
				ENABLE_TESTABILITY = YES;
				GCC_C_LANGUAGE_STANDARD = gnu11;
				GCC_DYNAMIC_NO_PIC = NO;
				GCC_NO_COMMON_BLOCKS = YES;
				GCC_OPTIMIZATION_LEVEL = 0;
				GCC_PREPROCESSOR_DEFINITIONS = (
					"DEBUG=1",
					"$(inherited)",
				);
				GCC_WARN_64_TO_32_BIT_CONVERSION = YES;
				GCC_WARN_ABOUT_RETURN_TYPE = YES_ERROR;
				GCC_WARN_UNDECLARED_SELECTOR = YES;
				GCC_WARN_UNINITIALIZED_AUTOS = YES_AGGRESSIVE;
				GCC_WARN_UNUSED_FUNCTION = YES;
				GCC_WARN_UNUSED_VARIABLE = YES;
				IPHONEOS_DEPLOYMENT_TARGET = 11.2;
				MTL_ENABLE_DEBUG_INFO = YES;
				ONLY_ACTIVE_ARCH = YES;
				SDKROOT = iphoneos;
			};
			name = Debug;
		};
		18A04F8420692EA20094BCA6 /* Release */ = {
			isa = XCBuildConfiguration;
			buildSettings = {
				ALWAYS_SEARCH_USER_PATHS = NO;
				CLANG_ANALYZER_NONNULL = YES;
				CLANG_ANALYZER_NUMBER_OBJECT_CONVERSION = YES_AGGRESSIVE;
				CLANG_CXX_LANGUAGE_STANDARD = "gnu++14";
				CLANG_CXX_LIBRARY = "libc++";
				CLANG_ENABLE_MODULES = YES;
				CLANG_ENABLE_OBJC_ARC = YES;
				CLANG_WARN_BLOCK_CAPTURE_AUTORELEASING = YES;
				CLANG_WARN_BOOL_CONVERSION = YES;
				CLANG_WARN_COMMA = YES;
				CLANG_WARN_CONSTANT_CONVERSION = YES;
				CLANG_WARN_DIRECT_OBJC_ISA_USAGE = YES_ERROR;
				CLANG_WARN_DOCUMENTATION_COMMENTS = YES;
				CLANG_WARN_EMPTY_BODY = YES;
				CLANG_WARN_ENUM_CONVERSION = YES;
				CLANG_WARN_INFINITE_RECURSION = YES;
				CLANG_WARN_INT_CONVERSION = YES;
				CLANG_WARN_NON_LITERAL_NULL_CONVERSION = YES;
				CLANG_WARN_OBJC_LITERAL_CONVERSION = YES;
				CLANG_WARN_OBJC_ROOT_CLASS = YES_ERROR;
				CLANG_WARN_RANGE_LOOP_ANALYSIS = YES;
				CLANG_WARN_STRICT_PROTOTYPES = YES;
				CLANG_WARN_SUSPICIOUS_MOVE = YES;
				CLANG_WARN_UNGUARDED_AVAILABILITY = YES_AGGRESSIVE;
				CLANG_WARN_UNREACHABLE_CODE = YES;
				CLANG_WARN__DUPLICATE_METHOD_MATCH = YES;
				CODE_SIGN_IDENTITY = "iPhone Developer";
				COPY_PHASE_STRIP = NO;
				DEBUG_INFORMATION_FORMAT = "dwarf-with-dsym";
				ENABLE_NS_ASSERTIONS = NO;
				ENABLE_STRICT_OBJC_MSGSEND = YES;
				GCC_C_LANGUAGE_STANDARD = gnu11;
				GCC_NO_COMMON_BLOCKS = YES;
				GCC_WARN_64_TO_32_BIT_CONVERSION = YES;
				GCC_WARN_ABOUT_RETURN_TYPE = YES_ERROR;
				GCC_WARN_UNDECLARED_SELECTOR = YES;
				GCC_WARN_UNINITIALIZED_AUTOS = YES_AGGRESSIVE;
				GCC_WARN_UNUSED_FUNCTION = YES;
				GCC_WARN_UNUSED_VARIABLE = YES;
				IPHONEOS_DEPLOYMENT_TARGET = 11.2;
				MTL_ENABLE_DEBUG_INFO = NO;
				SDKROOT = iphoneos;
				VALIDATE_PRODUCT = YES;
			};
			name = Release;
		};
		18A04F8620692EA20094BCA6 /* Debug */ = {
			isa = XCBuildConfiguration;
			buildSettings = {
				ASSETCATALOG_COMPILER_APPICON_NAME = AppIcon;
				CODE_SIGN_STYLE = Automatic;
				DEVELOPMENT_TEAM = G45556P655;
				INFOPLIST_FILE = PTest/Info.plist;
				LD_RUNPATH_SEARCH_PATHS = "$(inherited) @executable_path/Frameworks";
				PRODUCT_BUNDLE_IDENTIFIER = com.houhaitao.PTest;
				PRODUCT_NAME = "$(TARGET_NAME)";
				TARGETED_DEVICE_FAMILY = "1,2";
			};
			name = Debug;
		};
		18A04F8720692EA20094BCA6 /* Release */ = {
			isa = XCBuildConfiguration;
			buildSettings = {
				ASSETCATALOG_COMPILER_APPICON_NAME = AppIcon;
				CODE_SIGN_STYLE = Automatic;
				DEVELOPMENT_TEAM = G45556P655;
				INFOPLIST_FILE = PTest/Info.plist;
				LD_RUNPATH_SEARCH_PATHS = "$(inherited) @executable_path/Frameworks";
				PRODUCT_BUNDLE_IDENTIFIER = com.houhaitao.PTest;
				PRODUCT_NAME = "$(TARGET_NAME)";
				TARGETED_DEVICE_FAMILY = "1,2";
			};
			name = Release;
		};
		18A04F8920692EA20094BCA6 /* Debug */ = {
			isa = XCBuildConfiguration;
			buildSettings = {
				BUNDLE_LOADER = "$(TEST_HOST)";
				CODE_SIGN_STYLE = Automatic;
				DEVELOPMENT_TEAM = G45556P655;
				INFOPLIST_FILE = PTestTests/Info.plist;
				LD_RUNPATH_SEARCH_PATHS = "$(inherited) @executable_path/Frameworks @loader_path/Frameworks";
				PRODUCT_BUNDLE_IDENTIFIER = com.houhaitao.PTestTests;
				PRODUCT_NAME = "$(TARGET_NAME)";
				TARGETED_DEVICE_FAMILY = "1,2";
				TEST_HOST = "$(BUILT_PRODUCTS_DIR)/PTest.app/PTest";
			};
			name = Debug;
		};
		18A04F8A20692EA20094BCA6 /* Release */ = {
			isa = XCBuildConfiguration;
			buildSettings = {
				BUNDLE_LOADER = "$(TEST_HOST)";
				CODE_SIGN_STYLE = Automatic;
				DEVELOPMENT_TEAM = G45556P655;
				INFOPLIST_FILE = PTestTests/Info.plist;
				LD_RUNPATH_SEARCH_PATHS = "$(inherited) @executable_path/Frameworks @loader_path/Frameworks";
				PRODUCT_BUNDLE_IDENTIFIER = com.houhaitao.PTestTests;
				PRODUCT_NAME = "$(TARGET_NAME)";
				TARGETED_DEVICE_FAMILY = "1,2";
				TEST_HOST = "$(BUILT_PRODUCTS_DIR)/PTest.app/PTest";
			};
			name = Release;
		};
		18A04F8C20692EA20094BCA6 /* Debug */ = {
			isa = XCBuildConfiguration;
			buildSettings = {
				CODE_SIGN_STYLE = Automatic;
				DEVELOPMENT_TEAM = G45556P655;
				INFOPLIST_FILE = PTestUITests/Info.plist;
				LD_RUNPATH_SEARCH_PATHS = "$(inherited) @executable_path/Frameworks @loader_path/Frameworks";
				PRODUCT_BUNDLE_IDENTIFIER = com.houhaitao.PTestUITests;
				PRODUCT_NAME = "$(TARGET_NAME)";
				TARGETED_DEVICE_FAMILY = "1,2";
				TEST_TARGET_NAME = PTest;
			};
			name = Debug;
		};
		18A04F8D20692EA20094BCA6 /* Release */ = {
			isa = XCBuildConfiguration;
			buildSettings = {
				CODE_SIGN_STYLE = Automatic;
				DEVELOPMENT_TEAM = G45556P655;
				INFOPLIST_FILE = PTestUITests/Info.plist;
				LD_RUNPATH_SEARCH_PATHS = "$(inherited) @executable_path/Frameworks @loader_path/Frameworks";
				PRODUCT_BUNDLE_IDENTIFIER = com.houhaitao.PTestUITests;
				PRODUCT_NAME = "$(TARGET_NAME)";
				TARGETED_DEVICE_FAMILY = "1,2";
				TEST_TARGET_NAME = PTest;
			};
			name = Release;
		};
/* End XCBuildConfiguration section */

/* Begin XCConfigurationList section */
		18A04F5120692EA20094BCA6 /* Build configuration list for PBXProject "PTest" */ = {
			isa = XCConfigurationList;
			buildConfigurations = (
				18A04F8320692EA20094BCA6 /* Debug */,
				18A04F8420692EA20094BCA6 /* Release */,
			);
			defaultConfigurationIsVisible = 0;
			defaultConfigurationName = Release;
		};
		18A04F8520692EA20094BCA6 /* Build configuration list for PBXNativeTarget "PTest" */ = {
			isa = XCConfigurationList;
			buildConfigurations = (
				18A04F8620692EA20094BCA6 /* Debug */,
				18A04F8720692EA20094BCA6 /* Release */,
			);
			defaultConfigurationIsVisible = 0;
			defaultConfigurationName = Release;
		};
		18A04F8820692EA20094BCA6 /* Build configuration list for PBXNativeTarget "PTestTests" */ = {
			isa = XCConfigurationList;
			buildConfigurations = (
				18A04F8920692EA20094BCA6 /* Debug */,
				18A04F8A20692EA20094BCA6 /* Release */,
			);
			defaultConfigurationIsVisible = 0;
			defaultConfigurationName = Release;
		};
		18A04F8B20692EA20094BCA6 /* Build configuration list for PBXNativeTarget "PTestUITests" */ = {
			isa = XCConfigurationList;
			buildConfigurations = (
				18A04F8C20692EA20094BCA6 /* Debug */,
				18A04F8D20692EA20094BCA6 /* Release */,
			);
			defaultConfigurationIsVisible = 0;
			defaultConfigurationName = Release;
		};
/* End XCConfigurationList section */

/* Begin XCVersionGroup section */
		18A04F6220692EA20094BCA6 /* PTest.xcdatamodeld */ = {
			isa = XCVersionGroup;
			children = (
				18A04F6320692EA20094BCA6 /* PTest.xcdatamodel */,
			);
			currentVersion = 18A04F6320692EA20094BCA6 /* PTest.xcdatamodel */;
			path = PTest.xcdatamodeld;
			sourceTree = "<group>";
			versionGroupType = wrapper.xcdatamodel;
		};
/* End XCVersionGroup section */
	};
	rootObject = 18A04F4E20692EA20094BCA6 /* Project object */;
}
